
Microsoft Visual Studio Solution File, Format Version 12.00
# Visual Studio Version 17
VisualStudioVersion = 17.9.34728.123
MinimumVisualStudioVersion = 10.0.40219.1
Project("{FAE04EC0-301F-11D3-BF4B-00C04F79EFBC}") = "ChessOpeningsWPF", "ChessOpeningsWPF\ChessOpeningsWPF.csproj", "{08DB60EA-B830-440C-A848-D2A036E37CD1}"
EndProject
Global
	GlobalSection(SolutionConfigurationPlatforms) = preSolution
		Debug|Any CPU = Debug|Any CPU
		Release|Any CPU = Release|Any CPU
	EndGlobalSection
	GlobalSection(ProjectConfigurationPlatforms) = postSolution
		{08DB60EA-B830-440C-A848-D2A036E37CD1}.Debug|Any CPU.ActiveCfg = Debug|Any CPU
		{08DB60EA-B830-440C-A848-D2A036E37CD1}.Debug|Any CPU.Build.0 = Debug|Any CPU
		{08DB60EA-B830-440C-A848-D2A036E37CD1}.Release|Any CPU.ActiveCfg = Release|Any CPU
		{08DB60EA-B830-440C-A848-D2A036E37CD1}.Release|Any CPU.Build.0 = Release|Any CPU
	EndGlobalSection
	GlobalSection(SolutionProperties) = preSolution
		HideSolutionNode = FALSE
	EndGlobalSection
	GlobalSection(ExtensibilityGlobals) = postSolution
		SolutionGuid = {D1E64742-3D43-4AEF-A56A-919BFA79F2C3}
	EndGlobalSection
EndGlobal
